
Microsoft Visual Studio Solution File, Format Version 12.00
# Visual Studio Version 16
VisualStudioVersion = 16.0.31613.86
MinimumVisualStudioVersion = 10.0.40219.1
Project("{FAE04EC0-301F-11D3-BF4B-00C04F79EFBC}") = "N++Assistant", "N++Assistant.csproj", "{DC854C0C-22A8-4905-835F-7E232AD514FD}"
EndProject
Global
	GlobalSection(SolutionConfigurationPlatforms) = preSolution
		Debug|Any CPU = Debug|Any CPU
		Release|Any CPU = Release|Any CPU
	EndGlobalSection
	GlobalSection(ProjectConfigurationPlatforms) = postSolution
		{DC854C0C-22A8-4905-835F-7E232AD514FD}.Debug|Any CPU.ActiveCfg = Debug|Any CPU
		{DC854C0C-22A8-4905-835F-7E232AD514FD}.Debug|Any CPU.Build.0 = Debug|Any CPU
		{DC854C0C-22A8-4905-835F-7E232AD514FD}.Release|Any CPU.ActiveCfg = Release|Any CPU
		{DC854C0C-22A8-4905-835F-7E232AD514FD}.Release|Any CPU.Build.0 = Release|Any CPU
	EndGlobalSection
	GlobalSection(SolutionProperties) = preSolution
		HideSolutionNode = FALSE
	EndGlobalSection
	GlobalSection(ExtensibilityGlobals) = postSolution
		SolutionGuid = {00427BB9-6567-4D0C-B94E-B750D5F51E59}
	EndGlobalSection
EndGlobal
